
Microsoft Visual Studio Solution File, Format Version 12.00
# Visual Studio Version 16
VisualStudioVersion = 16.0.30225.117
MinimumVisualStudioVersion = 10.0.40219.1
Project("{FAE04EC0-301F-11D3-BF4B-00C04F79EFBC}") = "MyShop.Core", "MyShop.Core\MyShop.Core.csproj", "{078F484F-554E-48F6-9579-6D1EBB4AF5BA}"
EndProject
Project("{FAE04EC0-301F-11D3-BF4B-00C04F79EFBC}") = "MyShop.Services", "MyShop.Services\MyShop.Services.csproj", "{8A2C0FD5-28A9-4BA7-BBE7-2D770DC73193}"
EndProject
Project("{FAE04EC0-301F-11D3-BF4B-00C04F79EFBC}") = "MyShop.DataAccess.SQL", "MyShop.DataAccess.SQL\MyShop.DataAccess.SQL.csproj", "{F5D85D4B-0730-4181-9619-0A675A57BB59}"
EndProject
Project("{FAE04EC0-301F-11D3-BF4B-00C04F79EFBC}") = "MyShop.DataAccess.InMemory", "MyShop.DataAccess.InMemory\MyShop.DataAccess.InMemory.csproj", "{C07F79B9-F5D5-488D-A8AE-019C2427FA73}"
EndProject
Project("{FAE04EC0-301F-11D3-BF4B-00C04F79EFBC}") = "MyShop.WebUI", "MyShop.WebUI\MyShop.WebUI.csproj", "{6D0BEDF7-A81C-4CBC-9E8C-C19BE01425A4}"
EndProject
Project("{FAE04EC0-301F-11D3-BF4B-00C04F79EFBC}") = "MyShop.WebUI.Tests", "MyShop.WebUI.Tests\MyShop.WebUI.Tests.csproj", "{E23FF50D-3991-4216-8102-150EFC113970}"
EndProject
Global
	GlobalSection(SolutionConfigurationPlatforms) = preSolution
		Debug|Any CPU = Debug|Any CPU
		Release|Any CPU = Release|Any CPU
	EndGlobalSection
	GlobalSection(ProjectConfigurationPlatforms) = postSolution
		{078F484F-554E-48F6-9579-6D1EBB4AF5BA}.Debug|Any CPU.ActiveCfg = Debug|Any CPU
		{078F484F-554E-48F6-9579-6D1EBB4AF5BA}.Debug|Any CPU.Build.0 = Debug|Any CPU
		{078F484F-554E-48F6-9579-6D1EBB4AF5BA}.Release|Any CPU.ActiveCfg = Release|Any CPU
		{078F484F-554E-48F6-9579-6D1EBB4AF5BA}.Release|Any CPU.Build.0 = Release|Any CPU
		{8A2C0FD5-28A9-4BA7-BBE7-2D770DC73193}.Debug|Any CPU.ActiveCfg = Debug|Any CPU
		{8A2C0FD5-28A9-4BA7-BBE7-2D770DC73193}.Debug|Any CPU.Build.0 = Debug|Any CPU
		{8A2C0FD5-28A9-4BA7-BBE7-2D770DC73193}.Release|Any CPU.ActiveCfg = Release|Any CPU
		{8A2C0FD5-28A9-4BA7-BBE7-2D770DC73193}.Release|Any CPU.Build.0 = Release|Any CPU
		{F5D85D4B-0730-4181-9619-0A675A57BB59}.Debug|Any CPU.ActiveCfg = Debug|Any CPU
		{F5D85D4B-0730-4181-9619-0A675A57BB59}.Debug|Any CPU.Build.0 = Debug|Any CPU
		{F5D85D4B-0730-4181-9619-0A675A57BB59}.Release|Any CPU.ActiveCfg = Release|Any CPU
		{F5D85D4B-0730-4181-9619-0A675A57BB59}.Release|Any CPU.Build.0 = Release|Any CPU
		{C07F79B9-F5D5-488D-A8AE-019C2427FA73}.Debug|Any CPU.ActiveCfg = Debug|Any CPU
		{C07F79B9-F5D5-488D-A8AE-019C2427FA73}.Debug|Any CPU.Build.0 = Debug|Any CPU
		{C07F79B9-F5D5-488D-A8AE-019C2427FA73}.Release|Any CPU.ActiveCfg = Release|Any CPU
		{C07F79B9-F5D5-488D-A8AE-019C2427FA73}.Release|Any CPU.Build.0 = Release|Any CPU
		{6D0BEDF7-A81C-4CBC-9E8C-C19BE01425A4}.Debug|Any CPU.ActiveCfg = Debug|Any CPU
		{6D0BEDF7-A81C-4CBC-9E8C-C19BE01425A4}.Debug|Any CPU.Build.0 = Debug|Any CPU
		{6D0BEDF7-A81C-4CBC-9E8C-C19BE01425A4}.Release|Any CPU.ActiveCfg = Release|Any CPU
		{6D0BEDF7-A81C-4CBC-9E8C-C19BE01425A4}.Release|Any CPU.Build.0 = Release|Any CPU
		{E23FF50D-3991-4216-8102-150EFC113970}.Debug|Any CPU.ActiveCfg = Debug|Any CPU
		{E23FF50D-3991-4216-8102-150EFC113970}.Debug|Any CPU.Build.0 = Debug|Any CPU
		{E23FF50D-3991-4216-8102-150EFC113970}.Release|Any CPU.ActiveCfg = Release|Any CPU
		{E23FF50D-3991-4216-8102-150EFC113970}.Release|Any CPU.Build.0 = Release|Any CPU
	EndGlobalSection
	GlobalSection(SolutionProperties) = preSolution
		HideSolutionNode = FALSE
	EndGlobalSection
	GlobalSection(ExtensibilityGlobals) = postSolution
		SolutionGuid = {3CBF29CF-5726-4E2A-82A4-9463B9BE3B02}
	EndGlobalSection
EndGlobal
